<?xml version="1.0" encoding="utf-8"?>
<Project ToolsVersion="4.0" xmlns="http://schemas.microsoft.com/developer/msbuild/2003">
  <ItemGroup>
    <Filter Include="Source Files">
      <UniqueIdentifier>{12569926-1840-4bc1-88d3-9238d74d5dbd}</UniqueIdentifier>
      <Extensions>cpp;c;cxx;rc;def;r;odl;idl;hpj;bat</Extensions>
    </Filter>
    <Filter Include="Header Files">
      <UniqueIdentifier>{2592c054-808c-4154-b540-3fcfdd87b5ea}</UniqueIdentifier>
      <Extensions>h;hpp;hxx;hm;inl</Extensions>
    </Filter>
  </ItemGroup>
  <ItemGroup>
    <ClCompile Include="d3des.c">
      <Filter>Source Files</Filter>
    </ClCompile>
    <ClCompile Include="DynamicFn.cpp">
      <Filter>Source Files</Filter>
    </ClCompile>
    <ClCompile Include="Log.cpp">
      <Filter>Source Files</Filter>
    </ClCompile>
    <ClCompile Include="MinMax.cpp">
      <Filter>Source Files</Filter>
    </ClCompile>
    <ClCompile Include="PCritSec.cpp">
      <Filter>Source Files</Filter>
    </ClCompile>
    <ClCompile Include="PSyncPoint.cpp">
      <Filter>Source Files</Filter>
    </ClCompile>
    <ClCompile Include="PWaitAndSignal.cpp">
      <Filter>Source Files</Filter>
    </ClCompile>
    <ClCompile Include="QueueChannel.cpp">
      <Filter>Source Files</Filter>
    </ClCompile>
    <ClCompile Include="RectList.cpp">
      <Filter>Source Files</Filter>
    </ClCompile>
    <ClCompile Include="stdhdrs.cpp">
      <Filter>Source Files</Filter>
    </ClCompile>
    <ClCompile Include="tableinitcmtemplate.cpp">
      <Filter>Source Files</Filter>
    </ClCompile>
    <ClCompile Include="tableinittctemplate.cpp">
      <Filter>Source Files</Filter>
    </ClCompile>
    <ClCompile Include="tabletranstemplate.cpp">
      <Filter>Source Files</Filter>
    </ClCompile>
    <ClCompile Include="translate.cpp">
      <Filter>Source Files</Filter>
    </ClCompile>
    <ClCompile Include="TsSessions.cpp">
      <Filter>Source Files</Filter>
    </ClCompile>
    <ClCompile Include="VideoDriver.cpp">
      <Filter>Source Files</Filter>
    </ClCompile>
    <ClCompile Include="vncBuffer.cpp">
      <Filter>Source Files</Filter>
    </ClCompile>
    <ClCompile Include="vncClient.cpp">
      <Filter>Source Files</Filter>
    </ClCompile>
    <ClCompile Include="vncDesktop.cpp">
      <Filter>Source Files</Filter>
    </ClCompile>
    <ClCompile Include="vncEncodeCoRRE.cpp">
      <Filter>Source Files</Filter>
    </ClCompile>
    <ClCompile Include="vncEncodeHexT.cpp">
      <Filter>Source Files</Filter>
    </ClCompile>
    <ClCompile Include="vncEncoder.cpp">
      <Filter>Source Files</Filter>
    </ClCompile>
    <ClCompile Include="vncEncodeRRE.cpp">
      <Filter>Source Files</Filter>
    </ClCompile>
    <ClCompile Include="vncEncodeTight.cpp">
      <Filter>Source Files</Filter>
    </ClCompile>
    <ClCompile Include="vncEncodeZlib.cpp">
      <Filter>Source Files</Filter>
    </ClCompile>
    <ClCompile Include="vncEncodeZlibHex.cpp">
      <Filter>Source Files</Filter>
    </ClCompile>
    <ClCompile Include="VNCHooks.cpp">
      <Filter>Source Files</Filter>
    </ClCompile>
    <ClCompile Include="vncKeymap.cpp">
      <Filter>Source Files</Filter>
    </ClCompile>
    <ClCompile Include="vncRegion.cpp">
      <Filter>Source Files</Filter>
    </ClCompile>
    <ClCompile Include="vncServer.cpp">
      <Filter>Source Files</Filter>
    </ClCompile>
    <ClCompile Include="vncService.cpp">
      <Filter>Source Files</Filter>
    </ClCompile>
    <ClCompile Include="VSocket.cpp">
      <Filter>Source Files</Filter>
    </ClCompile>
    <ClCompile Include="WinVNCDllImpl.cpp">
      <Filter>Source Files</Filter>
    </ClCompile>
  </ItemGroup>
  <ItemGroup>
    <ClInclude Include="d3des.h">
      <Filter>Header Files</Filter>
    </ClInclude>
    <ClInclude Include="DynamicFn.h">
      <Filter>Header Files</Filter>
    </ClInclude>
    <ClInclude Include="keysymdef.h">
      <Filter>Header Files</Filter>
    </ClInclude>
    <ClInclude Include="Log.h">
      <Filter>Header Files</Filter>
    </ClInclude>
    <ClInclude Include="MemOutStream.h">
      <Filter>Header Files</Filter>
    </ClInclude>
    <ClInclude Include="MinMax.h">
      <Filter>Header Files</Filter>
    </ClInclude>
    <ClInclude Include="OutStream.h">
      <Filter>Header Files</Filter>
    </ClInclude>
    <ClInclude Include="PCritSec.h">
      <Filter>Header Files</Filter>
    </ClInclude>
    <ClInclude Include="PSyncPoint.h">
      <Filter>Header Files</Filter>
    </ClInclude>
    <ClInclude Include="PWaitAndSignal.h">
      <Filter>Header Files</Filter>
    </ClInclude>
    <ClInclude Include="QueueChannel.h">
      <Filter>Header Files</Filter>
    </ClInclude>
    <ClInclude Include="RectList.h">
      <Filter>Header Files</Filter>
    </ClInclude>
    <ClInclude Include="rfb.h">
      <Filter>Header Files</Filter>
    </ClInclude>
    <ClInclude Include="stdhdrs.h">
      <Filter>Header Files</Filter>
    </ClInclude>
    <ClInclude Include="translate.h">
      <Filter>Header Files</Filter>
    </ClInclude>
    <ClInclude Include="types.h">
      <Filter>Header Files</Filter>
    </ClInclude>
    <ClInclude Include="VideoDriver.h">
      <Filter>Header Files</Filter>
    </ClInclude>
    <ClInclude Include="vncBuffer.h">
      <Filter>Header Files</Filter>
    </ClInclude>
    <ClInclude Include="vncClient.h">
      <Filter>Header Files</Filter>
    </ClInclude>
    <ClInclude Include="vncDesktop.h">
      <Filter>Header Files</Filter>
    </ClInclude>
    <ClInclude Include="vncEncodeCoRRE.h">
      <Filter>Header Files</Filter>
    </ClInclude>
    <ClInclude Include="vncEncodeHexT.h">
      <Filter>Header Files</Filter>
    </ClInclude>
    <ClInclude Include="vncEncoder.h">
      <Filter>Header Files</Filter>
    </ClInclude>
    <ClInclude Include="vncEncodeRRE.h">
      <Filter>Header Files</Filter>
    </ClInclude>
    <ClInclude Include="vncEncodeTight.h">
      <Filter>Header Files</Filter>
    </ClInclude>
    <ClInclude Include="vncEncodeZlib.h">
      <Filter>Header Files</Filter>
    </ClInclude>
    <ClInclude Include="vncEncodeZlibHex.h">
      <Filter>Header Files</Filter>
    </ClInclude>
    <ClInclude Include="VNCHooks.h">
      <Filter>Header Files</Filter>
    </ClInclude>
    <ClInclude Include="vncKeymap.h">
      <Filter>Header Files</Filter>
    </ClInclude>
    <ClInclude Include="vncRegion.h">
      <Filter>Header Files</Filter>
    </ClInclude>
    <ClInclude Include="vncServer.h">
      <Filter>Header Files</Filter>
    </ClInclude>
    <ClInclude Include="vncService.h">
      <Filter>Header Files</Filter>
    </ClInclude>
    <ClInclude Include="VSocket.h">
      <Filter>Header Files</Filter>
    </ClInclude>
    <ClInclude Include="WinVNCDllImpl.h">
      <Filter>Header Files</Filter>
    </ClInclude>
  </ItemGroup>
</Project>