<?xml version="1.0" encoding="utf-8"?>
<Project ToolsVersion="4.0" xmlns="http://schemas.microsoft.com/developer/msbuild/2003">
  <ItemGroup>
    <Filter Include="Source Files">
      <UniqueIdentifier>{4FC737F1-C7A5-4376-A066-2A32D752A2FF}</UniqueIdentifier>
      <Extensions>cpp;c;cc;cxx;def;odl;idl;hpj;bat;asm;asmx</Extensions>
    </Filter>
    <Filter Include="Header Files">
      <UniqueIdentifier>{93995380-89BD-4b04-88EB-625FBE52EBFB}</UniqueIdentifier>
      <Extensions>h;hh;hpp;hxx;hm;inl;inc;xsd</Extensions>
    </Filter>
    <Filter Include="Resource Files">
      <UniqueIdentifier>{67DA6AB6-F800-4c08-8B7A-83BB121AAD01}</UniqueIdentifier>
      <Extensions>rc;ico;cur;bmp;dlg;rc2;rct;bin;rgs;gif;jpg;jpeg;jpe;resx;tiff;tif;png;wav;mfcribbon-ms</Extensions>
    </Filter>
    <Filter Include="Generated Files">
      <UniqueIdentifier>{eb92e6f4-4db9-4a12-9a11-3215c6232ed5}</UniqueIdentifier>
      <SourceControlFiles>False</SourceControlFiles>
    </Filter>
  </ItemGroup>
  <ItemGroup>
    <ClCompile Include="stdafx.cpp">
      <Filter>Source Files</Filter>
    </ClCompile>
    <ClCompile Include="ECBrowserPlugin.cpp">
      <Filter>Source Files</Filter>
    </ClCompile>
    <ClCompile Include="dllmain.cpp">
      <Filter>Source Files</Filter>
    </ClCompile>
    <ClCompile Include="xdlldata.c">
      <Filter>Source Files</Filter>
    </ClCompile>
    <ClCompile Include="ECBrowserPlugin_i.c">
      <Filter>Generated Files</Filter>
    </ClCompile>
    <ClCompile Include="ATLECSDK.cpp">
      <Filter>Source Files</Filter>
    </ClCompile>
    <ClCompile Include="ECSDK.cpp">
      <Filter>Source Files</Filter>
    </ClCompile>
    <ClCompile Include="ECSDKBase.cpp">
      <Filter>Source Files</Filter>
    </ClCompile>
    <ClCompile Include="ATLVideoObject.cpp">
      <Filter>Source Files</Filter>
    </ClCompile>
    <ClCompile Include="np_entry.cpp">
      <Filter>Source Files</Filter>
    </ClCompile>
    <ClCompile Include="NPAPIPluginBase.cpp">
      <Filter>Source Files</Filter>
    </ClCompile>
    <ClCompile Include="npn_gate.cpp">
      <Filter>Source Files</Filter>
    </ClCompile>
    <ClCompile Include="npp_gate.cpp">
      <Filter>Source Files</Filter>
    </ClCompile>
    <ClCompile Include="NPAPIVideoObject.cpp">
      <Filter>Source Files</Filter>
    </ClCompile>
    <ClCompile Include="NPAPIECSDK.cpp">
      <Filter>Source Files</Filter>
    </ClCompile>
    <ClCompile Include="..\vnc\CCPVncServer.cpp">
      <Filter>Source Files</Filter>
    </ClCompile>
    <ClCompile Include="..\vnc\CCPVncViewer.cpp">
      <Filter>Source Files</Filter>
    </ClCompile>
    <ClCompile Include="..\vnc\VncUtility.cpp">
      <Filter>Source Files</Filter>
    </ClCompile>
  </ItemGroup>
  <ItemGroup>
    <ClInclude Include="stdafx.h">
      <Filter>Header Files</Filter>
    </ClInclude>
    <ClInclude Include="targetver.h">
      <Filter>Header Files</Filter>
    </ClInclude>
    <ClInclude Include="Resource.h">
      <Filter>Header Files</Filter>
    </ClInclude>
    <ClInclude Include="dllmain.h">
      <Filter>Header Files</Filter>
    </ClInclude>
    <ClInclude Include="xdlldata.h">
      <Filter>Header Files</Filter>
    </ClInclude>
    <ClInclude Include="ECBrowserPlugin_i.h">
      <Filter>Generated Files</Filter>
    </ClInclude>
    <ClInclude Include="_IATLECSDKEvents_CP.h">
      <Filter>Header Files</Filter>
    </ClInclude>
    <ClInclude Include="ATLECSDK.h">
      <Filter>Header Files</Filter>
    </ClInclude>
    <ClInclude Include="ECSDK.h">
      <Filter>Header Files</Filter>
    </ClInclude>
    <ClInclude Include="ECSDKBase.h">
      <Filter>Header Files</Filter>
    </ClInclude>
    <ClInclude Include="ATLVideoObject.h">
      <Filter>Header Files</Filter>
    </ClInclude>
    <ClInclude Include="NPAPIPluginBase.h">
      <Filter>Header Files</Filter>
    </ClInclude>
    <ClInclude Include="NPAPIVideoObject.h">
      <Filter>Header Files</Filter>
    </ClInclude>
    <ClInclude Include="NPAPIECSDK.h">
      <Filter>Header Files</Filter>
    </ClInclude>
    <ClInclude Include="..\vnc\CCPVncServer.h">
      <Filter>Header Files</Filter>
    </ClInclude>
    <ClInclude Include="..\vnc\CCPVncViewer.h">
      <Filter>Header Files</Filter>
    </ClInclude>
    <ClInclude Include="..\vnc\Queue.h">
      <Filter>Header Files</Filter>
    </ClInclude>
    <ClInclude Include="..\vnc\VncUtility.h">
      <Filter>Header Files</Filter>
    </ClInclude>
    <ClInclude Include="ZBase64.h">
      <Filter>Header Files</Filter>
    </ClInclude>
  </ItemGroup>
  <ItemGroup>
    <ResourceCompile Include="ECBrowserPlugin.rc">
      <Filter>Resource Files</Filter>
    </ResourceCompile>
  </ItemGroup>
  <ItemGroup>
    <Text Include="ReadMe.txt" />
  </ItemGroup>
  <ItemGroup>
    <None Include="ECBrowserPlugin.rgs">
      <Filter>Resource Files</Filter>
    </None>
    <None Include="ECBrowserPlugin.def">
      <Filter>Source Files</Filter>
    </None>
    <None Include="ATLECSDK.htm" />
    <None Include="ATLECSDK.rgs">
      <Filter>Resource Files</Filter>
    </None>
    <None Include="ATLVideoObject.htm" />
    <None Include="ATLVideoObject.rgs">
      <Filter>Resource Files</Filter>
    </None>
  </ItemGroup>
  <ItemGroup>
    <Midl Include="ECBrowserPlugin.idl">
      <Filter>Source Files</Filter>
    </Midl>
  </ItemGroup>
  <ItemGroup>
    <Image Include="ATLECSDK.bmp">
      <Filter>Resource Files</Filter>
    </Image>
    <Image Include="ATLVideoObject.bmp">
      <Filter>Resource Files</Filter>
    </Image>
  </ItemGroup>
</Project>